
Microsoft Visual Studio Solution File, Format Version 12.00
# Visual Studio Version 16
VisualStudioVersion = 16.0.30320.27
MinimumVisualStudioVersion = 10.0.40219.1
Project("{9A19103F-16F7-4668-BE54-9A1E7A4F7556}") = "ThunderBoltStore", "ThunderBoltStore\ThunderBoltStore.csproj", "{53CB4555-4F90-42D8-981C-8AD5FA31CE54}"
EndProject
Project("{9A19103F-16F7-4668-BE54-9A1E7A4F7556}") = "ThunderBoltDBLib", "ThunderBoltDBLib\ThunderBoltDBLib.csproj", "{06A13AC3-FF4C-4816-B8D8-30906B0A0EBB}"
EndProject
Global
	GlobalSection(SolutionConfigurationPlatforms) = preSolution
		Debug|Any CPU = Debug|Any CPU
		Release|Any CPU = Release|Any CPU
	EndGlobalSection
	GlobalSection(ProjectConfigurationPlatforms) = postSolution
		{53CB4555-4F90-42D8-981C-8AD5FA31CE54}.Debug|Any CPU.ActiveCfg = Debug|Any CPU
		{53CB4555-4F90-42D8-981C-8AD5FA31CE54}.Debug|Any CPU.Build.0 = Debug|Any CPU
		{53CB4555-4F90-42D8-981C-8AD5FA31CE54}.Release|Any CPU.ActiveCfg = Release|Any CPU
		{53CB4555-4F90-42D8-981C-8AD5FA31CE54}.Release|Any CPU.Build.0 = Release|Any CPU
		{06A13AC3-FF4C-4816-B8D8-30906B0A0EBB}.Debug|Any CPU.ActiveCfg = Debug|Any CPU
		{06A13AC3-FF4C-4816-B8D8-30906B0A0EBB}.Debug|Any CPU.Build.0 = Debug|Any CPU
		{06A13AC3-FF4C-4816-B8D8-30906B0A0EBB}.Release|Any CPU.ActiveCfg = Release|Any CPU
		{06A13AC3-FF4C-4816-B8D8-30906B0A0EBB}.Release|Any CPU.Build.0 = Release|Any CPU
	EndGlobalSection
	GlobalSection(SolutionProperties) = preSolution
		HideSolutionNode = FALSE
	EndGlobalSection
	GlobalSection(ExtensibilityGlobals) = postSolution
		SolutionGuid = {F2B896E2-4731-46DA-BEBD-863FFAF2B532}
	EndGlobalSection
EndGlobal
